
Microsoft Visual Studio Solution File, Format Version 12.00
# Visual Studio Version 17
VisualStudioVersion = 17.10.35013.160
MinimumVisualStudioVersion = 10.0.40219.1
Project("{9A19103F-16F7-4668-BE54-9A1E7A4F7556}") = "MidiCompanion", "MidiCompanion\MidiCompanion.csproj", "{37B03E96-F648-4E80-9945-D9361CE74DA3}"
EndProject
Project("{2150E333-8FDC-42A3-9474-1A3956D46DE8}") = "Solution Items", "Solution Items", "{B711AE66-CDF8-4094-8C99-A16D69203575}"
	ProjectSection(SolutionItems) = preProject
		.github\workflows\build-and-publish.yml = .github\workflows\build-and-publish.yml
		GitVersion.yml = GitVersion.yml
	EndProjectSection
EndProject
Global
	GlobalSection(SolutionConfigurationPlatforms) = preSolution
		Debug|Any CPU = Debug|Any CPU
		Release|Any CPU = Release|Any CPU
	EndGlobalSection
	GlobalSection(ProjectConfigurationPlatforms) = postSolution
		{37B03E96-F648-4E80-9945-D9361CE74DA3}.Debug|Any CPU.ActiveCfg = Debug|Any CPU
		{37B03E96-F648-4E80-9945-D9361CE74DA3}.Debug|Any CPU.Build.0 = Debug|Any CPU
		{37B03E96-F648-4E80-9945-D9361CE74DA3}.Release|Any CPU.ActiveCfg = Release|Any CPU
		{37B03E96-F648-4E80-9945-D9361CE74DA3}.Release|Any CPU.Build.0 = Release|Any CPU
	EndGlobalSection
	GlobalSection(SolutionProperties) = preSolution
		HideSolutionNode = FALSE
	EndGlobalSection
	GlobalSection(ExtensibilityGlobals) = postSolution
		SolutionGuid = {4ECB0DD0-4F4A-430D-9BDA-39ECDF8DE503}
	EndGlobalSection
EndGlobal
